
Microsoft Visual Studio Solution File, Format Version 12.00
# Visual Studio Version 16
VisualStudioVersion = 16.0.31613.86
MinimumVisualStudioVersion = 10.0.40219.1
Project("{2150E333-8FDC-42A3-9474-1A3956D46DE8}") = "Solution Items", "Solution Items", "{CE69EBEF-3CA4-4A4C-B568-83000B8AF53E}"
	ProjectSection(SolutionItems) = preProject
		docker-compose.yml = docker-compose.yml
		.env.example = .env.example
		.gitignore = .gitignore
	EndProjectSection
EndProject
Project("{FAE04EC0-301F-11D3-BF4B-00C04F79EFBC}") = "XIVRepo.Authorization", "XIVRepo.Authorization\XIVRepo.Authorization.csproj", "{93FB80CB-F859-40BE-A40B-643B7D1F2F55}"
EndProject
Project("{FAE04EC0-301F-11D3-BF4B-00C04F79EFBC}") = "XIVRepo.GraphQL", "XIVRepo.GraphQL\XIVRepo.GraphQL.csproj", "{F99B5CD0-A420-42C9-AD68-E6580C22EC61}"
EndProject
Project("{FAE04EC0-301F-11D3-BF4B-00C04F79EFBC}") = "XIVRepo.Core", "XIVRepo.Core\XIVRepo.Core.csproj", "{B1F71CFA-32E9-4B43-96A0-33A1B64DA738}"
EndProject
Project("{FAE04EC0-301F-11D3-BF4B-00C04F79EFBC}") = "XIVRepo.EntityFramework", "XIVRepo.EntityFramework\XIVRepo.EntityFramework.csproj", "{9013A3B8-8C58-4581-AC9A-CACA30B0F091}"
EndProject
Global
	GlobalSection(SolutionConfigurationPlatforms) = preSolution
		Debug|Any CPU = Debug|Any CPU
		Release|Any CPU = Release|Any CPU
	EndGlobalSection
	GlobalSection(ProjectConfigurationPlatforms) = postSolution
		{93FB80CB-F859-40BE-A40B-643B7D1F2F55}.Debug|Any CPU.ActiveCfg = Debug|Any CPU
		{93FB80CB-F859-40BE-A40B-643B7D1F2F55}.Debug|Any CPU.Build.0 = Debug|Any CPU
		{93FB80CB-F859-40BE-A40B-643B7D1F2F55}.Release|Any CPU.ActiveCfg = Release|Any CPU
		{93FB80CB-F859-40BE-A40B-643B7D1F2F55}.Release|Any CPU.Build.0 = Release|Any CPU
		{F99B5CD0-A420-42C9-AD68-E6580C22EC61}.Debug|Any CPU.ActiveCfg = Debug|Any CPU
		{F99B5CD0-A420-42C9-AD68-E6580C22EC61}.Debug|Any CPU.Build.0 = Debug|Any CPU
		{F99B5CD0-A420-42C9-AD68-E6580C22EC61}.Release|Any CPU.ActiveCfg = Release|Any CPU
		{F99B5CD0-A420-42C9-AD68-E6580C22EC61}.Release|Any CPU.Build.0 = Release|Any CPU
		{B1F71CFA-32E9-4B43-96A0-33A1B64DA738}.Debug|Any CPU.ActiveCfg = Debug|Any CPU
		{B1F71CFA-32E9-4B43-96A0-33A1B64DA738}.Debug|Any CPU.Build.0 = Debug|Any CPU
		{B1F71CFA-32E9-4B43-96A0-33A1B64DA738}.Release|Any CPU.ActiveCfg = Release|Any CPU
		{B1F71CFA-32E9-4B43-96A0-33A1B64DA738}.Release|Any CPU.Build.0 = Release|Any CPU
		{9013A3B8-8C58-4581-AC9A-CACA30B0F091}.Debug|Any CPU.ActiveCfg = Debug|Any CPU
		{9013A3B8-8C58-4581-AC9A-CACA30B0F091}.Debug|Any CPU.Build.0 = Debug|Any CPU
		{9013A3B8-8C58-4581-AC9A-CACA30B0F091}.Release|Any CPU.ActiveCfg = Release|Any CPU
		{9013A3B8-8C58-4581-AC9A-CACA30B0F091}.Release|Any CPU.Build.0 = Release|Any CPU
	EndGlobalSection
	GlobalSection(SolutionProperties) = preSolution
		HideSolutionNode = FALSE
	EndGlobalSection
	GlobalSection(ExtensibilityGlobals) = postSolution
		SolutionGuid = {0DF14F3E-2698-4143-8F13-F18F681E9E0D}
	EndGlobalSection
	GlobalSection(NestedProjects) = preSolution
	EndGlobalSection
EndGlobal
